
Microsoft Visual Studio Solution File, Format Version 12.00
# Visual Studio 15
VisualStudioVersion = 15.0.28307.1300
MinimumVisualStudioVersion = 10.0.40219.1
Project("{FAE04EC0-301F-11D3-BF4B-00C04F79EFBC}") = "tuCarro", "tuCarro\tuCarro.csproj", "{0E2D75D7-A298-4796-A055-FC7E6C35A15E}"
EndProject
Global
	GlobalSection(SolutionConfigurationPlatforms) = preSolution
		Debug|Any CPU = Debug|Any CPU
		Release|Any CPU = Release|Any CPU
	EndGlobalSection
	GlobalSection(ProjectConfigurationPlatforms) = postSolution
		{0E2D75D7-A298-4796-A055-FC7E6C35A15E}.Debug|Any CPU.ActiveCfg = Debug|Any CPU
		{0E2D75D7-A298-4796-A055-FC7E6C35A15E}.Debug|Any CPU.Build.0 = Debug|Any CPU
		{0E2D75D7-A298-4796-A055-FC7E6C35A15E}.Release|Any CPU.ActiveCfg = Release|Any CPU
		{0E2D75D7-A298-4796-A055-FC7E6C35A15E}.Release|Any CPU.Build.0 = Release|Any CPU
	EndGlobalSection
	GlobalSection(SolutionProperties) = preSolution
		HideSolutionNode = FALSE
	EndGlobalSection
	GlobalSection(ExtensibilityGlobals) = postSolution
		SolutionGuid = {9D65CBA0-2581-4D4B-89A4-8C55EBF2A47C}
	EndGlobalSection
EndGlobal
